
Microsoft Visual Studio Solution File, Format Version 12.00
# Visual Studio 15
VisualStudioVersion = 15.0.27703.2035
MinimumVisualStudioVersion = 10.0.40219.1
Project("{FAE04EC0-301F-11D3-BF4B-00C04F79EFBC}") = "EmployeeSerivce", "EmployeeSerivce\EmployeeSerivce.csproj", "{FC240C8E-BF9A-43E1-9D0A-1959C77A07DC}"
EndProject
Project("{FAE04EC0-301F-11D3-BF4B-00C04F79EFBC}") = "EmployeeDataAccess", "EmployeeDataAccess\EmployeeDataAccess.csproj", "{70FCB53F-D2A2-4B3C-9880-E9FEE5058C34}"
EndProject
Global
	GlobalSection(SolutionConfigurationPlatforms) = preSolution
		Debug|Any CPU = Debug|Any CPU
		Release|Any CPU = Release|Any CPU
	EndGlobalSection
	GlobalSection(ProjectConfigurationPlatforms) = postSolution
		{FC240C8E-BF9A-43E1-9D0A-1959C77A07DC}.Debug|Any CPU.ActiveCfg = Debug|Any CPU
		{FC240C8E-BF9A-43E1-9D0A-1959C77A07DC}.Debug|Any CPU.Build.0 = Debug|Any CPU
		{FC240C8E-BF9A-43E1-9D0A-1959C77A07DC}.Release|Any CPU.ActiveCfg = Release|Any CPU
		{FC240C8E-BF9A-43E1-9D0A-1959C77A07DC}.Release|Any CPU.Build.0 = Release|Any CPU
		{70FCB53F-D2A2-4B3C-9880-E9FEE5058C34}.Debug|Any CPU.ActiveCfg = Debug|Any CPU
		{70FCB53F-D2A2-4B3C-9880-E9FEE5058C34}.Debug|Any CPU.Build.0 = Debug|Any CPU
		{70FCB53F-D2A2-4B3C-9880-E9FEE5058C34}.Release|Any CPU.ActiveCfg = Release|Any CPU
		{70FCB53F-D2A2-4B3C-9880-E9FEE5058C34}.Release|Any CPU.Build.0 = Release|Any CPU
	EndGlobalSection
	GlobalSection(SolutionProperties) = preSolution
		HideSolutionNode = FALSE
	EndGlobalSection
	GlobalSection(ExtensibilityGlobals) = postSolution
		SolutionGuid = {1F37CCC4-0D96-49C3-BEA1-2A89B195BA0B}
	EndGlobalSection
EndGlobal
